
Microsoft Visual Studio Solution File, Format Version 12.00
# Visual Studio 15
VisualStudioVersion = 15.0.26730.10
MinimumVisualStudioVersion = 10.0.40219.1
Project("{8BC9CEB8-8B4A-11D0-8D11-00A0C91BC942}") = "Optimizer", "Optimizer\Optimizer.vcxproj", "{E79013CA-01E3-4880-870F-3204CA717D56}"
	ProjectSection(ProjectDependencies) = postProject
		{6E1DA85F-3380-47EB-BB27-8EFF6580C653} = {6E1DA85F-3380-47EB-BB27-8EFF6580C653}
	EndProjectSection
EndProject
Project("{8BC9CEB8-8B4A-11D0-8D11-00A0C91BC942}") = "DuiLib_Static", "DuiLib\DuiLib_Static.vcxproj", "{6E1DA85F-3380-47EB-BB27-8EFF6580C653}"
EndProject
Global
	GlobalSection(SolutionConfigurationPlatforms) = preSolution
		Debug|x64 = Debug|x64
		Debug|x86 = Debug|x86
		Release|x64 = Release|x64
		Release|x86 = Release|x86
	EndGlobalSection
	GlobalSection(ProjectConfigurationPlatforms) = postSolution
		{E79013CA-01E3-4880-870F-3204CA717D56}.Debug|x64.ActiveCfg = Debug|x64
		{E79013CA-01E3-4880-870F-3204CA717D56}.Debug|x64.Build.0 = Debug|x64
		{E79013CA-01E3-4880-870F-3204CA717D56}.Debug|x86.ActiveCfg = Debug|Win32
		{E79013CA-01E3-4880-870F-3204CA717D56}.Debug|x86.Build.0 = Debug|Win32
		{E79013CA-01E3-4880-870F-3204CA717D56}.Release|x64.ActiveCfg = Release|x64
		{E79013CA-01E3-4880-870F-3204CA717D56}.Release|x64.Build.0 = Release|x64
		{E79013CA-01E3-4880-870F-3204CA717D56}.Release|x86.ActiveCfg = Release|Win32
		{E79013CA-01E3-4880-870F-3204CA717D56}.Release|x86.Build.0 = Release|Win32
		{6E1DA85F-3380-47EB-BB27-8EFF6580C653}.Debug|x64.ActiveCfg = Debug|Win32
		{6E1DA85F-3380-47EB-BB27-8EFF6580C653}.Debug|x86.ActiveCfg = Debug|Win32
		{6E1DA85F-3380-47EB-BB27-8EFF6580C653}.Debug|x86.Build.0 = Debug|Win32
		{6E1DA85F-3380-47EB-BB27-8EFF6580C653}.Release|x64.ActiveCfg = Release|Win32
		{6E1DA85F-3380-47EB-BB27-8EFF6580C653}.Release|x86.ActiveCfg = Release|Win32
		{6E1DA85F-3380-47EB-BB27-8EFF6580C653}.Release|x86.Build.0 = Release|Win32
	EndGlobalSection
	GlobalSection(SolutionProperties) = preSolution
		HideSolutionNode = FALSE
	EndGlobalSection
	GlobalSection(ExtensibilityGlobals) = postSolution
		SolutionGuid = {8C921F1C-35BA-433F-856E-495D7888C9AE}
	EndGlobalSection
EndGlobal
